// !$*UTF8*$!
{
	archiveVersion = 1;
	classes = {
	};
	objectVersion = 46;
	objects = {

/* Begin PBXBuildFile section */
		180710FD1BB62C5D0056BE95 /* main.m in Sources */ = {isa = PBXBuildFile; fileRef = 180710FC1BB62C5D0056BE95 /* main.m */; };
		180711001BB62C5D0056BE95 /* AppDelegate.m in Sources */ = {isa = PBXBuildFile; fileRef = 180710FF1BB62C5D0056BE95 /* AppDelegate.m */; };
		180711061BB62C5D0056BE95 /* Main.storyboard in Resources */ = {isa = PBXBuildFile; fileRef = 180711041BB62C5D0056BE95 /* Main.storyboard */; };
		180711081BB62C5D0056BE95 /* Assets.xcassets in Resources */ = {isa = PBXBuildFile; fileRef = 180711071BB62C5D0056BE95 /* Assets.xcassets */; };
		1807110B1BB62C5D0056BE95 /* LaunchScreen.storyboard in Resources */ = {isa = PBXBuildFile; fileRef = 180711091BB62C5D0056BE95 /* LaunchScreen.storyboard */; };
		180711161BB62C5D0056BE95 /* testBLETests.m in Sources */ = {isa = PBXBuildFile; fileRef = 180711151BB62C5D0056BE95 /* testBLETests.m */; };
		180711211BB62C5D0056BE95 /* testBLEUITests.m in Sources */ = {isa = PBXBuildFile; fileRef = 180711201BB62C5D0056BE95 /* testBLEUITests.m */; };
		180711301BB62D340056BE95 /* BLEManager.m in Sources */ = {isa = PBXBuildFile; fileRef = 1807112F1BB62D340056BE95 /* BLEManager.m */; settings = {ASSET_TAGS = (); }; };
		1893F3DB1BB67B12003D115F /* TableViewController.m in Sources */ = {isa = PBXBuildFile; fileRef = 1893F3DA1BB67B12003D115F /* TableViewController.m */; settings = {ASSET_TAGS = (); }; };
/* End PBXBuildFile section */

/* Begin PBXContainerItemProxy section */
		180711121BB62C5D0056BE95 /* PBXContainerItemProxy */ = {
			isa = PBXContainerItemProxy;
			containerPortal = 180710F01BB62C5C0056BE95 /* Project object */;
			proxyType = 1;
			remoteGlobalIDString = 180710F71BB62C5C0056BE95;
			remoteInfo = testBLE;
		};
		1807111D1BB62C5D0056BE95 /* PBXContainerItemProxy */ = {
			isa = PBXContainerItemProxy;
			containerPortal = 180710F01BB62C5C0056BE95 /* Project object */;
			proxyType = 1;
			remoteGlobalIDString = 180710F71BB62C5C0056BE95;
			remoteInfo = testBLE;
		};
/* End PBXContainerItemProxy section */

/* Begin PBXFileReference section */
		180710F81BB62C5C0056BE95 /* testBLE.app */ = {isa = PBXFileReference; explicitFileType = wrapper.application; includeInIndex = 0; path = testBLE.app; sourceTree = BUILT_PRODUCTS_DIR; };
		180710FC1BB62C5D0056BE95 /* main.m */ = {isa = PBXFileReference; lastKnownFileType = sourcecode.c.objc; path = main.m; sourceTree = "<group>"; };
		180710FE1BB62C5D0056BE95 /* AppDelegate.h */ = {isa = PBXFileReference; lastKnownFileType = sourcecode.c.h; path = AppDelegate.h; sourceTree = "<group>"; };
		180710FF1BB62C5D0056BE95 /* AppDelegate.m */ = {isa = PBXFileReference; lastKnownFileType = sourcecode.c.objc; path = AppDelegate.m; sourceTree = "<group>"; };
		180711051BB62C5D0056BE95 /* Base */ = {isa = PBXFileReference; lastKnownFileType = file.storyboard; name = Base; path = Base.lproj/Main.storyboard; sourceTree = "<group>"; };
		180711071BB62C5D0056BE95 /* Assets.xcassets */ = {isa = PBXFileReference; lastKnownFileType = folder.assetcatalog; path = Assets.xcassets; sourceTree = "<group>"; };
		1807110A1BB62C5D0056BE95 /* Base */ = {isa = PBXFileReference; lastKnownFileType = file.storyboard; name = Base; path = Base.lproj/LaunchScreen.storyboard; sourceTree = "<group>"; };
		1807110C1BB62C5D0056BE95 /* Info.plist */ = {isa = PBXFileReference; lastKnownFileType = text.plist.xml; path = Info.plist; sourceTree = "<group>"; };
		180711111BB62C5D0056BE95 /* testBLETests.xctest */ = {isa = PBXFileReference; explicitFileType = wrapper.cfbundle; includeInIndex = 0; path = testBLETests.xctest; sourceTree = BUILT_PRODUCTS_DIR; };
		180711151BB62C5D0056BE95 /* testBLETests.m */ = {isa = PBXFileReference; lastKnownFileType = sourcecode.c.objc; path = testBLETests.m; sourceTree = "<group>"; };
		180711171BB62C5D0056BE95 /* Info.plist */ = {isa = PBXFileReference; lastKnownFileType = text.plist.xml; path = Info.plist; sourceTree = "<group>"; };
		1807111C1BB62C5D0056BE95 /* testBLEUITests.xctest */ = {isa = PBXFileReference; explicitFileType = wrapper.cfbundle; includeInIndex = 0; path = testBLEUITests.xctest; sourceTree = BUILT_PRODUCTS_DIR; };
		180711201BB62C5D0056BE95 /* testBLEUITests.m */ = {isa = PBXFileReference; lastKnownFileType = sourcecode.c.objc; path = testBLEUITests.m; sourceTree = "<group>"; };
		180711221BB62C5D0056BE95 /* Info.plist */ = {isa = PBXFileReference; lastKnownFileType = text.plist.xml; path = Info.plist; sourceTree = "<group>"; };
		1807112E1BB62D340056BE95 /* BLEManager.h */ = {isa = PBXFileReference; fileEncoding = 4; lastKnownFileType = sourcecode.c.h; path = BLEManager.h; sourceTree = "<group>"; };
		1807112F1BB62D340056BE95 /* BLEManager.m */ = {isa = PBXFileReference; fileEncoding = 4; lastKnownFileType = sourcecode.c.objc; path = BLEManager.m; sourceTree = "<group>"; };
		1893F3D81BB636C7003D115F /* PrefixHeader.pch */ = {isa = PBXFileReference; fileEncoding = 4; lastKnownFileType = sourcecode.c.h; path = PrefixHeader.pch; sourceTree = "<group>"; };
		1893F3D91BB67B12003D115F /* TableViewController.h */ = {isa = PBXFileReference; fileEncoding = 4; lastKnownFileType = sourcecode.c.h; path = TableViewController.h; sourceTree = "<group>"; };
		1893F3DA1BB67B12003D115F /* TableViewController.m */ = {isa = PBXFileReference; fileEncoding = 4; lastKnownFileType = sourcecode.c.objc; path = TableViewController.m; sourceTree = "<group>"; };
/* End PBXFileReference section */

/* Begin PBXFrameworksBuildPhase section */
		180710F51BB62C5C0056BE95 /* Frameworks */ = {
			isa = PBXFrameworksBuildPhase;
			buildActionMask = 2147483647;
			files = (
			);
			runOnlyForDeploymentPostprocessing = 0;
		};
		1807110E1BB62C5D0056BE95 /* Frameworks */ = {
			isa = PBXFrameworksBuildPhase;
			buildActionMask = 2147483647;
			files = (
			);
			runOnlyForDeploymentPostprocessing = 0;
		};
		180711191BB62C5D0056BE95 /* Frameworks */ = {
			isa = PBXFrameworksBuildPhase;
			buildActionMask = 2147483647;
			files = (
			);
			runOnlyForDeploymentPostprocessing = 0;
		};
/* End PBXFrameworksBuildPhase section */

/* Begin PBXGroup section */
		180710EF1BB62C5C0056BE95 = {
			isa = PBXGroup;
			children = (
				180710FA1BB62C5D0056BE95 /* testBLE */,
				180711141BB62C5D0056BE95 /* testBLETests */,
				1807111F1BB62C5D0056BE95 /* testBLEUITests */,
				180710F91BB62C5C0056BE95 /* Products */,
			);
			sourceTree = "<group>";
		};
		180710F91BB62C5C0056BE95 /* Products */ = {
			isa = PBXGroup;
			children = (
				180710F81BB62C5C0056BE95 /* testBLE.app */,
				180711111BB62C5D0056BE95 /* testBLETests.xctest */,
				1807111C1BB62C5D0056BE95 /* testBLEUITests.xctest */,
			);
			name = Products;
			sourceTree = "<group>";
		};
		180710FA1BB62C5D0056BE95 /* testBLE */ = {
			isa = PBXGroup;
			children = (
				180710FE1BB62C5D0056BE95 /* AppDelegate.h */,
				180710FF1BB62C5D0056BE95 /* AppDelegate.m */,
				1807112E1BB62D340056BE95 /* BLEManager.h */,
				1807112F1BB62D340056BE95 /* BLEManager.m */,
				1893F3D91BB67B12003D115F /* TableViewController.h */,
				1893F3DA1BB67B12003D115F /* TableViewController.m */,
				180711041BB62C5D0056BE95 /* Main.storyboard */,
				180711071BB62C5D0056BE95 /* Assets.xcassets */,
				180711091BB62C5D0056BE95 /* LaunchScreen.storyboard */,
				1807110C1BB62C5D0056BE95 /* Info.plist */,
				180710FB1BB62C5D0056BE95 /* Supporting Files */,
			);
			path = testBLE;
			sourceTree = "<group>";
		};
		180710FB1BB62C5D0056BE95 /* Supporting Files */ = {
			isa = PBXGroup;
			children = (
				180710FC1BB62C5D0056BE95 /* main.m */,
				1893F3D81BB636C7003D115F /* PrefixHeader.pch */,
			);
			name = "Supporting Files";
			sourceTree = "<group>";
		};
		180711141BB62C5D0056BE95 /* testBLETests */ = {
			isa = PBXGroup;
			children = (
				180711151BB62C5D0056BE95 /* testBLETests.m */,
				180711171BB62C5D0056BE95 /* Info.plist */,
			);
			path = testBLETests;
			sourceTree = "<group>";
		};
		1807111F1BB62C5D0056BE95 /* testBLEUITests */ = {
			isa = PBXGroup;
			children = (
				180711201BB62C5D0056BE95 /* testBLEUITests.m */,
				180711221BB62C5D0056BE95 /* Info.plist */,
			);
			path = testBLEUITests;
			sourceTree = "<group>";
		};
/* End PBXGroup section */

/* Begin PBXNativeTarget section */
		180710F71BB62C5C0056BE95 /* testBLE */ = {
			isa = PBXNativeTarget;
			buildConfigurationList = 180711251BB62C5D0056BE95 /* Build configuration list for PBXNativeTarget "testBLE" */;
			buildPhases = (
				180710F41BB62C5C0056BE95 /* Sources */,
				180710F51BB62C5C0056BE95 /* Frameworks */,
				180710F61BB62C5C0056BE95 /* Resources */,
			);
			buildRules = (
			);
			dependencies = (
			);
			name = testBLE;
			productName = testBLE;
			productReference = 180710F81BB62C5C0056BE95 /* testBLE.app */;
			productType = "com.apple.product-type.application";
		};
		180711101BB62C5D0056BE95 /* testBLETests */ = {
			isa = PBXNativeTarget;
			buildConfigurationList = 180711281BB62C5D0056BE95 /* Build configuration list for PBXNativeTarget "testBLETests" */;
			buildPhases = (
				1807110D1BB62C5D0056BE95 /* Sources */,
				1807110E1BB62C5D0056BE95 /* Frameworks */,
				1807110F1BB62C5D0056BE95 /* Resources */,
			);
			buildRules = (
			);
			dependencies = (
				180711131BB62C5D0056BE95 /* PBXTargetDependency */,
			);
			name = testBLETests;
			productName = testBLETests;
			productReference = 180711111BB62C5D0056BE95 /* testBLETests.xctest */;
			productType = "com.apple.product-type.bundle.unit-test";
		};
		1807111B1BB62C5D0056BE95 /* testBLEUITests */ = {
			isa = PBXNativeTarget;
			buildConfigurationList = 1807112B1BB62C5D0056BE95 /* Build configuration list for PBXNativeTarget "testBLEUITests" */;
			buildPhases = (
				180711181BB62C5D0056BE95 /* Sources */,
				180711191BB62C5D0056BE95 /* Frameworks */,
				1807111A1BB62C5D0056BE95 /* Resources */,
			);
			buildRules = (
			);
			dependencies = (
				1807111E1BB62C5D0056BE95 /* PBXTargetDependency */,
			);
			name = testBLEUITests;
			productName = testBLEUITests;
			productReference = 1807111C1BB62C5D0056BE95 /* testBLEUITests.xctest */;
			productType = "com.apple.product-type.bundle.ui-testing";
		};
/* End PBXNativeTarget section */

/* Begin PBXProject section */
		180710F01BB62C5C0056BE95 /* Project object */ = {
			isa = PBXProject;
			attributes = {
				LastUpgradeCheck = 0700;
				ORGANIZATIONNAME = apple;
				TargetAttributes = {
					180710F71BB62C5C0056BE95 = {
						CreatedOnToolsVersion = 7.0;
						DevelopmentTeam = 4MUMJ6BUER;
					};
					180711101BB62C5D0056BE95 = {
						CreatedOnToolsVersion = 7.0;
						TestTargetID = 180710F71BB62C5C0056BE95;
					};
					1807111B1BB62C5D0056BE95 = {
						CreatedOnToolsVersion = 7.0;
						TestTargetID = 180710F71BB62C5C0056BE95;
					};
				};
			};
			buildConfigurationList = 180710F31BB62C5C0056BE95 /* Build configuration list for PBXProject "testBLE" */;
			compatibilityVersion = "Xcode 3.2";
			developmentRegion = English;
			hasScannedForEncodings = 0;
			knownRegions = (
				en,
				Base,
			);
			mainGroup = 180710EF1BB62C5C0056BE95;
			productRefGroup = 180710F91BB62C5C0056BE95 /* Products */;
			projectDirPath = "";
			projectRoot = "";
			targets = (
				180710F71BB62C5C0056BE95 /* testBLE */,
				180711101BB62C5D0056BE95 /* testBLETests */,
				1807111B1BB62C5D0056BE95 /* testBLEUITests */,
			);
		};
/* End PBXProject section */

/* Begin PBXResourcesBuildPhase section */
		180710F61BB62C5C0056BE95 /* Resources */ = {
			isa = PBXResourcesBuildPhase;
			buildActionMask = 2147483647;
			files = (
				1807110B1BB62C5D0056BE95 /* LaunchScreen.storyboard in Resources */,
				180711081BB62C5D0056BE95 /* Assets.xcassets in Resources */,
				180711061BB62C5D0056BE95 /* Main.storyboard in Resources */,
			);
			runOnlyForDeploymentPostprocessing = 0;
		};
		1807110F1BB62C5D0056BE95 /* Resources */ = {
			isa = PBXResourcesBuildPhase;
			buildActionMask = 2147483647;
			files = (
			);
			runOnlyForDeploymentPostprocessing = 0;
		};
		1807111A1BB62C5D0056BE95 /* Resources */ = {
			isa = PBXResourcesBuildPhase;
			buildActionMask = 2147483647;
			files = (
			);
			runOnlyForDeploymentPostprocessing = 0;
		};
/* End PBXResourcesBuildPhase section */

/* Begin PBXSourcesBuildPhase section */
		180710F41BB62C5C0056BE95 /* Sources */ = {
			isa = PBXSourcesBuildPhase;
			buildActionMask = 2147483647;
			files = (
				180711301BB62D340056BE95 /* BLEManager.m in Sources */,
				180711001BB62C5D0056BE95 /* AppDelegate.m in Sources */,
				1893F3DB1BB67B12003D115F /* TableViewController.m in Sources */,
				180710FD1BB62C5D0056BE95 /* main.m in Sources */,
			);
			runOnlyForDeploymentPostprocessing = 0;
		};
		1807110D1BB62C5D0056BE95 /* Sources */ = {
			isa = PBXSourcesBuildPhase;
			buildActionMask = 2147483647;
			files = (
				180711161BB62C5D0056BE95 /* testBLETests.m in Sources */,
			);
			runOnlyForDeploymentPostprocessing = 0;
		};
		180711181BB62C5D0056BE95 /* Sources */ = {
			isa = PBXSourcesBuildPhase;
			buildActionMask = 2147483647;
			files = (
				180711211BB62C5D0056BE95 /* testBLEUITests.m in Sources */,
			);
			runOnlyForDeploymentPostprocessing = 0;
		};
/* End PBXSourcesBuildPhase section */

/* Begin PBXTargetDependency section */
		180711131BB62C5D0056BE95 /* PBXTargetDependency */ = {
			isa = PBXTargetDependency;
			target = 180710F71BB62C5C0056BE95 /* testBLE */;
			targetProxy = 180711121BB62C5D0056BE95 /* PBXContainerItemProxy */;
		};
		1807111E1BB62C5D0056BE95 /* PBXTargetDependency */ = {
			isa = PBXTargetDependency;
			target = 180710F71BB62C5C0056BE95 /* testBLE */;
			targetProxy = 1807111D1BB62C5D0056BE95 /* PBXContainerItemProxy */;
		};
/* End PBXTargetDependency section */

/* Begin PBXVariantGroup section */
		180711041BB62C5D0056BE95 /* Main.storyboard */ = {
			isa = PBXVariantGroup;
			children = (
				180711051BB62C5D0056BE95 /* Base */,
			);
			name = Main.storyboard;
			sourceTree = "<group>";
		};
		180711091BB62C5D0056BE95 /* LaunchScreen.storyboard */ = {
			isa = PBXVariantGroup;
			children = (
				1807110A1BB62C5D0056BE95 /* Base */,
			);
			name = LaunchScreen.storyboard;
			sourceTree = "<group>";
		};
/* End PBXVariantGroup section */

/* Begin XCBuildConfiguration section */
		180711231BB62C5D0056BE95 /* Debug */ = {
			isa = XCBuildConfiguration;
			buildSettings = {
				ALWAYS_SEARCH_USER_PATHS = NO;
				CLANG_CXX_LANGUAGE_STANDARD = "gnu++0x";
				CLANG_CXX_LIBRARY = "libc++";
				CLANG_ENABLE_MODULES = YES;
				CLANG_ENABLE_OBJC_ARC = YES;
				CLANG_WARN_BOOL_CONVERSION = YES;
				CLANG_WARN_CONSTANT_CONVERSION = YES;
				CLANG_WARN_DIRECT_OBJC_ISA_USAGE = YES_ERROR;
				CLANG_WARN_EMPTY_BODY = YES;
				CLANG_WARN_ENUM_CONVERSION = YES;
				CLANG_WARN_INT_CONVERSION = YES;
				CLANG_WARN_OBJC_ROOT_CLASS = YES_ERROR;
				CLANG_WARN_UNREACHABLE_CODE = YES;
				CLANG_WARN__DUPLICATE_METHOD_MATCH = YES;
				"CODE_SIGN_IDENTITY[sdk=iphoneos*]" = "iPhone Developer";
				COPY_PHASE_STRIP = NO;
				DEBUG_INFORMATION_FORMAT = dwarf;
				ENABLE_STRICT_OBJC_MSGSEND = YES;
				ENABLE_TESTABILITY = YES;
				GCC_C_LANGUAGE_STANDARD = gnu99;
				GCC_DYNAMIC_NO_PIC = NO;
				GCC_NO_COMMON_BLOCKS = YES;
				GCC_OPTIMIZATION_LEVEL = 0;
				GCC_PREPROCESSOR_DEFINITIONS = (
					"DEBUG=1",
					"$(inherited)",
				);
				GCC_WARN_64_TO_32_BIT_CONVERSION = YES;
				GCC_WARN_ABOUT_RETURN_TYPE = YES_ERROR;
				GCC_WARN_UNDECLARED_SELECTOR = YES;
				GCC_WARN_UNINITIALIZED_AUTOS = YES_AGGRESSIVE;
				GCC_WARN_UNUSED_FUNCTION = YES;
				GCC_WARN_UNUSED_VARIABLE = YES;
				IPHONEOS_DEPLOYMENT_TARGET = 9.0;
				MTL_ENABLE_DEBUG_INFO = YES;
				ONLY_ACTIVE_ARCH = YES;
				SDKROOT = iphoneos;
			};
			name = Debug;
		};
		180711241BB62C5D0056BE95 /* Release */ = {
			isa = XCBuildConfiguration;
			buildSettings = {
				ALWAYS_SEARCH_USER_PATHS = NO;
				CLANG_CXX_LANGUAGE_STANDARD = "gnu++0x";
				CLANG_CXX_LIBRARY = "libc++";
				CLANG_ENABLE_MODULES = YES;
				CLANG_ENABLE_OBJC_ARC = YES;
				CLANG_WARN_BOOL_CONVERSION = YES;
				CLANG_WARN_CONSTANT_CONVERSION = YES;
				CLANG_WARN_DIRECT_OBJC_ISA_USAGE = YES_ERROR;
				CLANG_WARN_EMPTY_BODY = YES;
				CLANG_WARN_ENUM_CONVERSION = YES;
				CLANG_WARN_INT_CONVERSION = YES;
				CLANG_WARN_OBJC_ROOT_CLASS = YES_ERROR;
				CLANG_WARN_UNREACHABLE_CODE = YES;
				CLANG_WARN__DUPLICATE_METHOD_MATCH = YES;
				"CODE_SIGN_IDENTITY[sdk=iphoneos*]" = "iPhone Developer";
				COPY_PHASE_STRIP = NO;
				DEBUG_INFORMATION_FORMAT = "dwarf-with-dsym";
				ENABLE_NS_ASSERTIONS = NO;
				ENABLE_STRICT_OBJC_MSGSEND = YES;
				GCC_C_LANGUAGE_STANDARD = gnu99;
				GCC_NO_COMMON_BLOCKS = YES;
				GCC_WARN_64_TO_32_BIT_CONVERSION = YES;
				GCC_WARN_ABOUT_RETURN_TYPE = YES_ERROR;
				GCC_WARN_UNDECLARED_SELECTOR = YES;
				GCC_WARN_UNINITIALIZED_AUTOS = YES_AGGRESSIVE;
				GCC_WARN_UNUSED_FUNCTION = YES;
				GCC_WARN_UNUSED_VARIABLE = YES;
				IPHONEOS_DEPLOYMENT_TARGET = 9.0;
				MTL_ENABLE_DEBUG_INFO = NO;
				SDKROOT = iphoneos;
				VALIDATE_PRODUCT = YES;
			};
			name = Release;
		};
		180711261BB62C5D0056BE95 /* Debug */ = {
			isa = XCBuildConfiguration;
			buildSettings = {
				ASSETCATALOG_COMPILER_APPICON_NAME = AppIcon;
				CODE_SIGN_IDENTITY = "iPhone Developer";
				GCC_PREFIX_HEADER = "$(SRCROOT)/testBLE/PrefixHeader.pch";
				INFOPLIST_FILE = testBLE/Info.plist;
				IPHONEOS_DEPLOYMENT_TARGET = 7.0;
				LD_RUNPATH_SEARCH_PATHS = "$(inherited) @executable_path/Frameworks";
				PRODUCT_BUNDLE_IDENTIFIER = com.zhongke.zom.testBLE;
				PRODUCT_NAME = "$(TARGET_NAME)";
			};
			name = Debug;
		};
		180711271BB62C5D0056BE95 /* Release */ = {
			isa = XCBuildConfiguration;
			buildSettings = {
				ASSETCATALOG_COMPILER_APPICON_NAME = AppIcon;
				CODE_SIGN_IDENTITY = "iPhone Developer";
				GCC_PREFIX_HEADER = "$(SRCROOT)/testBLE/PrefixHeader.pch";
				INFOPLIST_FILE = testBLE/Info.plist;
				IPHONEOS_DEPLOYMENT_TARGET = 7.0;
				LD_RUNPATH_SEARCH_PATHS = "$(inherited) @executable_path/Frameworks";
				PRODUCT_BUNDLE_IDENTIFIER = com.zhongke.zom.testBLE;
				PRODUCT_NAME = "$(TARGET_NAME)";
			};
			name = Release;
		};
		180711291BB62C5D0056BE95 /* Debug */ = {
			isa = XCBuildConfiguration;
			buildSettings = {
				BUNDLE_LOADER = "$(TEST_HOST)";
				INFOPLIST_FILE = testBLETests/Info.plist;
				LD_RUNPATH_SEARCH_PATHS = "$(inherited) @executable_path/Frameworks @loader_path/Frameworks";
				PRODUCT_BUNDLE_IDENTIFIER = com.zhongke.zom.testBLETests;
				PRODUCT_NAME = "$(TARGET_NAME)";
				TEST_HOST = "$(BUILT_PRODUCTS_DIR)/testBLE.app/testBLE";
			};
			name = Debug;
		};
		1807112A1BB62C5D0056BE95 /* Release */ = {
			isa = XCBuildConfiguration;
			buildSettings = {
				BUNDLE_LOADER = "$(TEST_HOST)";
				INFOPLIST_FILE = testBLETests/Info.plist;
				LD_RUNPATH_SEARCH_PATHS = "$(inherited) @executable_path/Frameworks @loader_path/Frameworks";
				PRODUCT_BUNDLE_IDENTIFIER = com.zhongke.zom.testBLETests;
				PRODUCT_NAME = "$(TARGET_NAME)";
				TEST_HOST = "$(BUILT_PRODUCTS_DIR)/testBLE.app/testBLE";
			};
			name = Release;
		};
		1807112C1BB62C5D0056BE95 /* Debug */ = {
			isa = XCBuildConfiguration;
			buildSettings = {
				INFOPLIST_FILE = testBLEUITests/Info.plist;
				LD_RUNPATH_SEARCH_PATHS = "$(inherited) @executable_path/Frameworks @loader_path/Frameworks";
				PRODUCT_BUNDLE_IDENTIFIER = com.zhongke.zom.testBLEUITests;
				PRODUCT_NAME = "$(TARGET_NAME)";
				TEST_TARGET_NAME = testBLE;
				USES_XCTRUNNER = YES;
			};
			name = Debug;
		};
		1807112D1BB62C5D0056BE95 /* Release */ = {
			isa = XCBuildConfiguration;
			buildSettings = {
				INFOPLIST_FILE = testBLEUITests/Info.plist;
				LD_RUNPATH_SEARCH_PATHS = "$(inherited) @executable_path/Frameworks @loader_path/Frameworks";
				PRODUCT_BUNDLE_IDENTIFIER = com.zhongke.zom.testBLEUITests;
				PRODUCT_NAME = "$(TARGET_NAME)";
				TEST_TARGET_NAME = testBLE;
				USES_XCTRUNNER = YES;
			};
			name = Release;
		};
/* End XCBuildConfiguration section */

/* Begin XCConfigurationList section */
		180710F31BB62C5C0056BE95 /* Build configuration list for PBXProject "testBLE" */ = {
			isa = XCConfigurationList;
			buildConfigurations = (
				180711231BB62C5D0056BE95 /* Debug */,
				180711241BB62C5D0056BE95 /* Release */,
			);
			defaultConfigurationIsVisible = 0;
			defaultConfigurationName = Release;
		};
		180711251BB62C5D0056BE95 /* Build configuration list for PBXNativeTarget "testBLE" */ = {
			isa = XCConfigurationList;
			buildConfigurations = (
				180711261BB62C5D0056BE95 /* Debug */,
				180711271BB62C5D0056BE95 /* Release */,
			);
			defaultConfigurationIsVisible = 0;
			defaultConfigurationName = Release;
		};
		180711281BB62C5D0056BE95 /* Build configuration list for PBXNativeTarget "testBLETests" */ = {
			isa = XCConfigurationList;
			buildConfigurations = (
				180711291BB62C5D0056BE95 /* Debug */,
				1807112A1BB62C5D0056BE95 /* Release */,
			);
			defaultConfigurationIsVisible = 0;
			defaultConfigurationName = Release;
		};
		1807112B1BB62C5D0056BE95 /* Build configuration list for PBXNativeTarget "testBLEUITests" */ = {
			isa = XCConfigurationList;
			buildConfigurations = (
				1807112C1BB62C5D0056BE95 /* Debug */,
				1807112D1BB62C5D0056BE95 /* Release */,
			);
			defaultConfigurationIsVisible = 0;
			defaultConfigurationName = Release;
		};
/* End XCConfigurationList section */
	};
	rootObject = 180710F01BB62C5C0056BE95 /* Project object */;
}
